
Microsoft Visual Studio Solution File, Format Version 12.00
# Visual Studio Version 16
VisualStudioVersion = 16.0.30907.101
MinimumVisualStudioVersion = 10.0.40219.1
Project("{FAE04EC0-301F-11D3-BF4B-00C04F79EFBC}") = "Shop", "Shop\Shop.csproj", "{4F611667-80BB-4FD4-A32B-1A2F7E3A998F}"
EndProject
Project("{9A19103F-16F7-4668-BE54-9A1E7A4F7556}") = "Shop.Domain", "Shop.Domain\Shop.Domain.csproj", "{EC404CD3-9061-4D8F-AF2B-96312668F2B8}"
EndProject
Project("{FAE04EC0-301F-11D3-BF4B-00C04F79EFBC}") = "Shop.WebUI", "Shop.WebUI\Shop.WebUI.csproj", "{D93E4FF8-EE27-41A1-970E-0DABB13D86E8}"
EndProject
Project("{FAE04EC0-301F-11D3-BF4B-00C04F79EFBC}") = "NUnitTest", "NUnitTest\NUnitTest.csproj", "{240F5014-75DF-4A44-9C22-BB14E35FAC8C}"
EndProject
Global
	GlobalSection(SolutionConfigurationPlatforms) = preSolution
		Debug|Any CPU = Debug|Any CPU
		Release|Any CPU = Release|Any CPU
	EndGlobalSection
	GlobalSection(ProjectConfigurationPlatforms) = postSolution
		{4F611667-80BB-4FD4-A32B-1A2F7E3A998F}.Debug|Any CPU.ActiveCfg = Debug|Any CPU
		{4F611667-80BB-4FD4-A32B-1A2F7E3A998F}.Debug|Any CPU.Build.0 = Debug|Any CPU
		{4F611667-80BB-4FD4-A32B-1A2F7E3A998F}.Release|Any CPU.ActiveCfg = Release|Any CPU
		{4F611667-80BB-4FD4-A32B-1A2F7E3A998F}.Release|Any CPU.Build.0 = Release|Any CPU
		{EC404CD3-9061-4D8F-AF2B-96312668F2B8}.Debug|Any CPU.ActiveCfg = Debug|Any CPU
		{EC404CD3-9061-4D8F-AF2B-96312668F2B8}.Debug|Any CPU.Build.0 = Debug|Any CPU
		{EC404CD3-9061-4D8F-AF2B-96312668F2B8}.Release|Any CPU.ActiveCfg = Release|Any CPU
		{EC404CD3-9061-4D8F-AF2B-96312668F2B8}.Release|Any CPU.Build.0 = Release|Any CPU
		{D93E4FF8-EE27-41A1-970E-0DABB13D86E8}.Debug|Any CPU.ActiveCfg = Debug|Any CPU
		{D93E4FF8-EE27-41A1-970E-0DABB13D86E8}.Debug|Any CPU.Build.0 = Debug|Any CPU
		{D93E4FF8-EE27-41A1-970E-0DABB13D86E8}.Release|Any CPU.ActiveCfg = Release|Any CPU
		{D93E4FF8-EE27-41A1-970E-0DABB13D86E8}.Release|Any CPU.Build.0 = Release|Any CPU
		{240F5014-75DF-4A44-9C22-BB14E35FAC8C}.Debug|Any CPU.ActiveCfg = Debug|Any CPU
		{240F5014-75DF-4A44-9C22-BB14E35FAC8C}.Debug|Any CPU.Build.0 = Debug|Any CPU
		{240F5014-75DF-4A44-9C22-BB14E35FAC8C}.Release|Any CPU.ActiveCfg = Release|Any CPU
		{240F5014-75DF-4A44-9C22-BB14E35FAC8C}.Release|Any CPU.Build.0 = Release|Any CPU
	EndGlobalSection
	GlobalSection(SolutionProperties) = preSolution
		HideSolutionNode = FALSE
	EndGlobalSection
	GlobalSection(ExtensibilityGlobals) = postSolution
		SolutionGuid = {53BF5F82-57ED-4937-9B95-C65111B2665B}
	EndGlobalSection
EndGlobal
